// !$*UTF8*$!
{
	archiveVersion = 1;
	classes = {
	};
	objectVersion = 48;
	objects = {

/* Begin PBXBuildFile section */
		84ECD501204BFE4000904F0D /* AppDelegate.swift in Sources */ = {isa = PBXBuildFile; fileRef = 84ECD500204BFE4000904F0D /* AppDelegate.swift */; };
		84ECD503204BFE4000904F0D /* ViewController.swift in Sources */ = {isa = PBXBuildFile; fileRef = 84ECD502204BFE4000904F0D /* ViewController.swift */; };
		84ECD506204BFE4000904F0D /* Main.storyboard in Resources */ = {isa = PBXBuildFile; fileRef = 84ECD504204BFE4000904F0D /* Main.storyboard */; };
		84ECD508204BFE4000904F0D /* Assets.xcassets in Resources */ = {isa = PBXBuildFile; fileRef = 84ECD507204BFE4000904F0D /* Assets.xcassets */; };
		84ECD50B204BFE4000904F0D /* LaunchScreen.storyboard in Resources */ = {isa = PBXBuildFile; fileRef = 84ECD509204BFE4000904F0D /* LaunchScreen.storyboard */; };
		84ECD516204BFE4000904F0D /* SampleAppTests.swift in Sources */ = {isa = PBXBuildFile; fileRef = 84ECD515204BFE4000904F0D /* SampleAppTests.swift */; };
		84ECD521204BFE4100904F0D /* SampleAppUITests.swift in Sources */ = {isa = PBXBuildFile; fileRef = 84ECD520204BFE4100904F0D /* SampleAppUITests.swift */; };
/* End PBXBuildFile section */

/* Begin PBXContainerItemProxy section */
		84ECD512204BFE4000904F0D /* PBXContainerItemProxy */ = {
			isa = PBXContainerItemProxy;
			containerPortal = 84ECD4F5204BFE4000904F0D /* Project object */;
			proxyType = 1;
			remoteGlobalIDString = 84ECD4FC204BFE4000904F0D;
			remoteInfo = SampleApp;
		};
		84ECD51D204BFE4100904F0D /* PBXContainerItemProxy */ = {
			isa = PBXContainerItemProxy;
			containerPortal = 84ECD4F5204BFE4000904F0D /* Project object */;
			proxyType = 1;
			remoteGlobalIDString = 84ECD4FC204BFE4000904F0D;
			remoteInfo = SampleApp;
		};
/* End PBXContainerItemProxy section */

/* Begin PBXFileReference section */
		84ECD4FD204BFE4000904F0D /* SampleApp.app */ = {isa = PBXFileReference; explicitFileType = wrapper.application; includeInIndex = 0; path = SampleApp.app; sourceTree = BUILT_PRODUCTS_DIR; };
		84ECD500204BFE4000904F0D /* AppDelegate.swift */ = {isa = PBXFileReference; lastKnownFileType = sourcecode.swift; path = AppDelegate.swift; sourceTree = "<group>"; };
		84ECD502204BFE4000904F0D /* ViewController.swift */ = {isa = PBXFileReference; lastKnownFileType = sourcecode.swift; path = ViewController.swift; sourceTree = "<group>"; };
		84ECD505204BFE4000904F0D /* Base */ = {isa = PBXFileReference; lastKnownFileType = file.storyboard; name = Base; path = Base.lproj/Main.storyboard; sourceTree = "<group>"; };
		84ECD507204BFE4000904F0D /* Assets.xcassets */ = {isa = PBXFileReference; lastKnownFileType = folder.assetcatalog; path = Assets.xcassets; sourceTree = "<group>"; };
		84ECD50A204BFE4000904F0D /* Base */ = {isa = PBXFileReference; lastKnownFileType = file.storyboard; name = Base; path = Base.lproj/LaunchScreen.storyboard; sourceTree = "<group>"; };
		84ECD50C204BFE4000904F0D /* Info.plist */ = {isa = PBXFileReference; lastKnownFileType = text.plist.xml; path = Info.plist; sourceTree = "<group>"; };
		84ECD511204BFE4000904F0D /* SampleAppTests.xctest */ = {isa = PBXFileReference; explicitFileType = wrapper.cfbundle; includeInIndex = 0; path = SampleAppTests.xctest; sourceTree = BUILT_PRODUCTS_DIR; };
		84ECD515204BFE4000904F0D /* SampleAppTests.swift */ = {isa = PBXFileReference; lastKnownFileType = sourcecode.swift; path = SampleAppTests.swift; sourceTree = "<group>"; };
		84ECD517204BFE4000904F0D /* Info.plist */ = {isa = PBXFileReference; lastKnownFileType = text.plist.xml; path = Info.plist; sourceTree = "<group>"; };
		84ECD51C204BFE4100904F0D /* SampleAppUITests.xctest */ = {isa = PBXFileReference; explicitFileType = wrapper.cfbundle; includeInIndex = 0; path = SampleAppUITests.xctest; sourceTree = BUILT_PRODUCTS_DIR; };
		84ECD520204BFE4100904F0D /* SampleAppUITests.swift */ = {isa = PBXFileReference; lastKnownFileType = sourcecode.swift; path = SampleAppUITests.swift; sourceTree = "<group>"; };
		84ECD522204BFE4100904F0D /* Info.plist */ = {isa = PBXFileReference; lastKnownFileType = text.plist.xml; path = Info.plist; sourceTree = "<group>"; };
/* End PBXFileReference section */

/* Begin PBXFrameworksBuildPhase section */
		84ECD4FA204BFE4000904F0D /* Frameworks */ = {
			isa = PBXFrameworksBuildPhase;
			buildActionMask = 2147483647;
			files = (
			);
			runOnlyForDeploymentPostprocessing = 0;
		};
		84ECD50E204BFE4000904F0D /* Frameworks */ = {
			isa = PBXFrameworksBuildPhase;
			buildActionMask = 2147483647;
			files = (
			);
			runOnlyForDeploymentPostprocessing = 0;
		};
		84ECD519204BFE4100904F0D /* Frameworks */ = {
			isa = PBXFrameworksBuildPhase;
			buildActionMask = 2147483647;
			files = (
			);
			runOnlyForDeploymentPostprocessing = 0;
		};
/* End PBXFrameworksBuildPhase section */

/* Begin PBXGroup section */
		84ECD4F4204BFE4000904F0D = {
			isa = PBXGroup;
			children = (
				84ECD4FF204BFE4000904F0D /* SampleApp */,
				84ECD514204BFE4000904F0D /* SampleAppTests */,
				84ECD51F204BFE4100904F0D /* SampleAppUITests */,
				84ECD4FE204BFE4000904F0D /* Products */,
			);
			sourceTree = "<group>";
		};
		84ECD4FE204BFE4000904F0D /* Products */ = {
			isa = PBXGroup;
			children = (
				84ECD4FD204BFE4000904F0D /* SampleApp.app */,
				84ECD511204BFE4000904F0D /* SampleAppTests.xctest */,
				84ECD51C204BFE4100904F0D /* SampleAppUITests.xctest */,
			);
			name = Products;
			sourceTree = "<group>";
		};
		84ECD4FF204BFE4000904F0D /* SampleApp */ = {
			isa = PBXGroup;
			children = (
				84ECD500204BFE4000904F0D /* AppDelegate.swift */,
				84ECD502204BFE4000904F0D /* ViewController.swift */,
				84ECD504204BFE4000904F0D /* Main.storyboard */,
				84ECD507204BFE4000904F0D /* Assets.xcassets */,
				84ECD509204BFE4000904F0D /* LaunchScreen.storyboard */,
				84ECD50C204BFE4000904F0D /* Info.plist */,
			);
			path = SampleApp;
			sourceTree = "<group>";
		};
		84ECD514204BFE4000904F0D /* SampleAppTests */ = {
			isa = PBXGroup;
			children = (
				84ECD515204BFE4000904F0D /* SampleAppTests.swift */,
				84ECD517204BFE4000904F0D /* Info.plist */,
			);
			path = SampleAppTests;
			sourceTree = "<group>";
		};
		84ECD51F204BFE4100904F0D /* SampleAppUITests */ = {
			isa = PBXGroup;
			children = (
				84ECD520204BFE4100904F0D /* SampleAppUITests.swift */,
				84ECD522204BFE4100904F0D /* Info.plist */,
			);
			path = SampleAppUITests;
			sourceTree = "<group>";
		};
/* End PBXGroup section */

/* Begin PBXNativeTarget section */
		84ECD4FC204BFE4000904F0D /* SampleApp */ = {
			isa = PBXNativeTarget;
			buildConfigurationList = 84ECD525204BFE4100904F0D /* Build configuration list for PBXNativeTarget "SampleApp" */;
			buildPhases = (
				84ECD4F9204BFE4000904F0D /* Sources */,
				84ECD4FA204BFE4000904F0D /* Frameworks */,
				84ECD4FB204BFE4000904F0D /* Resources */,
			);
			buildRules = (
			);
			dependencies = (
			);
			name = SampleApp;
			productName = SampleApp;
			productReference = 84ECD4FD204BFE4000904F0D /* SampleApp.app */;
			productType = "com.apple.product-type.application";
		};
		84ECD510204BFE4000904F0D /* SampleAppTests */ = {
			isa = PBXNativeTarget;
			buildConfigurationList = 84ECD528204BFE4100904F0D /* Build configuration list for PBXNativeTarget "SampleAppTests" */;
			buildPhases = (
				84ECD50D204BFE4000904F0D /* Sources */,
				84ECD50E204BFE4000904F0D /* Frameworks */,
				84ECD50F204BFE4000904F0D /* Resources */,
			);
			buildRules = (
			);
			dependencies = (
				84ECD513204BFE4000904F0D /* PBXTargetDependency */,
			);
			name = SampleAppTests;
			productName = SampleAppTests;
			productReference = 84ECD511204BFE4000904F0D /* SampleAppTests.xctest */;
			productType = "com.apple.product-type.bundle.unit-test";
		};
		84ECD51B204BFE4100904F0D /* SampleAppUITests */ = {
			isa = PBXNativeTarget;
			buildConfigurationList = 84ECD52B204BFE4100904F0D /* Build configuration list for PBXNativeTarget "SampleAppUITests" */;
			buildPhases = (
				84ECD518204BFE4100904F0D /* Sources */,
				84ECD519204BFE4100904F0D /* Frameworks */,
				84ECD51A204BFE4100904F0D /* Resources */,
			);
			buildRules = (
			);
			dependencies = (
				84ECD51E204BFE4100904F0D /* PBXTargetDependency */,
			);
			name = SampleAppUITests;
			productName = SampleAppUITests;
			productReference = 84ECD51C204BFE4100904F0D /* SampleAppUITests.xctest */;
			productType = "com.apple.product-type.bundle.ui-testing";
		};
/* End PBXNativeTarget section */

/* Begin PBXProject section */
		84ECD4F5204BFE4000904F0D /* Project object */ = {
			isa = PBXProject;
			attributes = {
				LastSwiftUpdateCheck = 0920;
				LastUpgradeCheck = 0920;
				ORGANIZATIONNAME = Admin;
				TargetAttributes = {
					84ECD4FC204BFE4000904F0D = {
						CreatedOnToolsVersion = 9.2;
						ProvisioningStyle = Automatic;
					};
					84ECD510204BFE4000904F0D = {
						CreatedOnToolsVersion = 9.2;
						ProvisioningStyle = Automatic;
						TestTargetID = 84ECD4FC204BFE4000904F0D;
					};
					84ECD51B204BFE4100904F0D = {
						CreatedOnToolsVersion = 9.2;
						ProvisioningStyle = Automatic;
						TestTargetID = 84ECD4FC204BFE4000904F0D;
					};
				};
			};
			buildConfigurationList = 84ECD4F8204BFE4000904F0D /* Build configuration list for PBXProject "SampleApp" */;
			compatibilityVersion = "Xcode 8.0";
			developmentRegion = en;
			hasScannedForEncodings = 0;
			knownRegions = (
				en,
				Base,
			);
			mainGroup = 84ECD4F4204BFE4000904F0D;
			productRefGroup = 84ECD4FE204BFE4000904F0D /* Products */;
			projectDirPath = "";
			projectRoot = "";
			targets = (
				84ECD4FC204BFE4000904F0D /* SampleApp */,
				84ECD510204BFE4000904F0D /* SampleAppTests */,
				84ECD51B204BFE4100904F0D /* SampleAppUITests */,
			);
		};
/* End PBXProject section */

/* Begin PBXResourcesBuildPhase section */
		84ECD4FB204BFE4000904F0D /* Resources */ = {
			isa = PBXResourcesBuildPhase;
			buildActionMask = 2147483647;
			files = (
				84ECD50B204BFE4000904F0D /* LaunchScreen.storyboard in Resources */,
				84ECD508204BFE4000904F0D /* Assets.xcassets in Resources */,
				84ECD506204BFE4000904F0D /* Main.storyboard in Resources */,
			);
			runOnlyForDeploymentPostprocessing = 0;
		};
		84ECD50F204BFE4000904F0D /* Resources */ = {
			isa = PBXResourcesBuildPhase;
			buildActionMask = 2147483647;
			files = (
			);
			runOnlyForDeploymentPostprocessing = 0;
		};
		84ECD51A204BFE4100904F0D /* Resources */ = {
			isa = PBXResourcesBuildPhase;
			buildActionMask = 2147483647;
			files = (
			);
			runOnlyForDeploymentPostprocessing = 0;
		};
/* End PBXResourcesBuildPhase section */

/* Begin PBXSourcesBuildPhase section */
		84ECD4F9204BFE4000904F0D /* Sources */ = {
			isa = PBXSourcesBuildPhase;
			buildActionMask = 2147483647;
			files = (
				84ECD503204BFE4000904F0D /* ViewController.swift in Sources */,
				84ECD501204BFE4000904F0D /* AppDelegate.swift in Sources */,
			);
			runOnlyForDeploymentPostprocessing = 0;
		};
		84ECD50D204BFE4000904F0D /* Sources */ = {
			isa = PBXSourcesBuildPhase;
			buildActionMask = 2147483647;
			files = (
				84ECD516204BFE4000904F0D /* SampleAppTests.swift in Sources */,
			);
			runOnlyForDeploymentPostprocessing = 0;
		};
		84ECD518204BFE4100904F0D /* Sources */ = {
			isa = PBXSourcesBuildPhase;
			buildActionMask = 2147483647;
			files = (
				84ECD521204BFE4100904F0D /* SampleAppUITests.swift in Sources */,
			);
			runOnlyForDeploymentPostprocessing = 0;
		};
/* End PBXSourcesBuildPhase section */

/* Begin PBXTargetDependency section */
		84ECD513204BFE4000904F0D /* PBXTargetDependency */ = {
			isa = PBXTargetDependency;
			target = 84ECD4FC204BFE4000904F0D /* SampleApp */;
			targetProxy = 84ECD512204BFE4000904F0D /* PBXContainerItemProxy */;
		};
		84ECD51E204BFE4100904F0D /* PBXTargetDependency */ = {
			isa = PBXTargetDependency;
			target = 84ECD4FC204BFE4000904F0D /* SampleApp */;
			targetProxy = 84ECD51D204BFE4100904F0D /* PBXContainerItemProxy */;
		};
/* End PBXTargetDependency section */

/* Begin PBXVariantGroup section */
		84ECD504204BFE4000904F0D /* Main.storyboard */ = {
			isa = PBXVariantGroup;
			children = (
				84ECD505204BFE4000904F0D /* Base */,
			);
			name = Main.storyboard;
			sourceTree = "<group>";
		};
		84ECD509204BFE4000904F0D /* LaunchScreen.storyboard */ = {
			isa = PBXVariantGroup;
			children = (
				84ECD50A204BFE4000904F0D /* Base */,
			);
			name = LaunchScreen.storyboard;
			sourceTree = "<group>";
		};
/* End PBXVariantGroup section */

/* Begin XCBuildConfiguration section */
		84ECD523204BFE4100904F0D /* Debug */ = {
			isa = XCBuildConfiguration;
			buildSettings = {
				ALWAYS_SEARCH_USER_PATHS = NO;
				CLANG_ANALYZER_NONNULL = YES;
				CLANG_ANALYZER_NUMBER_OBJECT_CONVERSION = YES_AGGRESSIVE;
				CLANG_CXX_LANGUAGE_STANDARD = "gnu++14";
				CLANG_CXX_LIBRARY = "libc++";
				CLANG_ENABLE_MODULES = YES;
				CLANG_ENABLE_OBJC_ARC = YES;
				CLANG_WARN_BLOCK_CAPTURE_AUTORELEASING = YES;
				CLANG_WARN_BOOL_CONVERSION = YES;
				CLANG_WARN_COMMA = YES;
				CLANG_WARN_CONSTANT_CONVERSION = YES;
				CLANG_WARN_DIRECT_OBJC_ISA_USAGE = YES_ERROR;
				CLANG_WARN_DOCUMENTATION_COMMENTS = YES;
				CLANG_WARN_EMPTY_BODY = YES;
				CLANG_WARN_ENUM_CONVERSION = YES;
				CLANG_WARN_INFINITE_RECURSION = YES;
				CLANG_WARN_INT_CONVERSION = YES;
				CLANG_WARN_NON_LITERAL_NULL_CONVERSION = YES;
				CLANG_WARN_OBJC_LITERAL_CONVERSION = YES;
				CLANG_WARN_OBJC_ROOT_CLASS = YES_ERROR;
				CLANG_WARN_RANGE_LOOP_ANALYSIS = YES;
				CLANG_WARN_STRICT_PROTOTYPES = YES;
				CLANG_WARN_SUSPICIOUS_MOVE = YES;
				CLANG_WARN_UNGUARDED_AVAILABILITY = YES_AGGRESSIVE;
				CLANG_WARN_UNREACHABLE_CODE = YES;
				CLANG_WARN__DUPLICATE_METHOD_MATCH = YES;
				CODE_SIGN_IDENTITY = "iPhone Developer";
				COPY_PHASE_STRIP = NO;
				DEBUG_INFORMATION_FORMAT = dwarf;
				ENABLE_STRICT_OBJC_MSGSEND = YES;
				ENABLE_TESTABILITY = YES;
				GCC_C_LANGUAGE_STANDARD = gnu11;
				GCC_DYNAMIC_NO_PIC = NO;
				GCC_NO_COMMON_BLOCKS = YES;
				GCC_OPTIMIZATION_LEVEL = 0;
				GCC_PREPROCESSOR_DEFINITIONS = (
					"DEBUG=1",
					"$(inherited)",
				);
				GCC_WARN_64_TO_32_BIT_CONVERSION = YES;
				GCC_WARN_ABOUT_RETURN_TYPE = YES_ERROR;
				GCC_WARN_UNDECLARED_SELECTOR = YES;
				GCC_WARN_UNINITIALIZED_AUTOS = YES_AGGRESSIVE;
				GCC_WARN_UNUSED_FUNCTION = YES;
				GCC_WARN_UNUSED_VARIABLE = YES;
				IPHONEOS_DEPLOYMENT_TARGET = 11.2;
				MTL_ENABLE_DEBUG_INFO = YES;
				ONLY_ACTIVE_ARCH = YES;
				SDKROOT = iphoneos;
				SWIFT_ACTIVE_COMPILATION_CONDITIONS = DEBUG;
				SWIFT_OPTIMIZATION_LEVEL = "-Onone";
			};
			name = Debug;
		};
		84ECD524204BFE4100904F0D /* Release */ = {
			isa = XCBuildConfiguration;
			buildSettings = {
				ALWAYS_SEARCH_USER_PATHS = NO;
				CLANG_ANALYZER_NONNULL = YES;
				CLANG_ANALYZER_NUMBER_OBJECT_CONVERSION = YES_AGGRESSIVE;
				CLANG_CXX_LANGUAGE_STANDARD = "gnu++14";
				CLANG_CXX_LIBRARY = "libc++";
				CLANG_ENABLE_MODULES = YES;
				CLANG_ENABLE_OBJC_ARC = YES;
				CLANG_WARN_BLOCK_CAPTURE_AUTORELEASING = YES;
				CLANG_WARN_BOOL_CONVERSION = YES;
				CLANG_WARN_COMMA = YES;
				CLANG_WARN_CONSTANT_CONVERSION = YES;
				CLANG_WARN_DIRECT_OBJC_ISA_USAGE = YES_ERROR;
				CLANG_WARN_DOCUMENTATION_COMMENTS = YES;
				CLANG_WARN_EMPTY_BODY = YES;
				CLANG_WARN_ENUM_CONVERSION = YES;
				CLANG_WARN_INFINITE_RECURSION = YES;
				CLANG_WARN_INT_CONVERSION = YES;
				CLANG_WARN_NON_LITERAL_NULL_CONVERSION = YES;
				CLANG_WARN_OBJC_LITERAL_CONVERSION = YES;
				CLANG_WARN_OBJC_ROOT_CLASS = YES_ERROR;
				CLANG_WARN_RANGE_LOOP_ANALYSIS = YES;
				CLANG_WARN_STRICT_PROTOTYPES = YES;
				CLANG_WARN_SUSPICIOUS_MOVE = YES;
				CLANG_WARN_UNGUARDED_AVAILABILITY = YES_AGGRESSIVE;
				CLANG_WARN_UNREACHABLE_CODE = YES;
				CLANG_WARN__DUPLICATE_METHOD_MATCH = YES;
				CODE_SIGN_IDENTITY = "iPhone Developer";
				COPY_PHASE_STRIP = NO;
				DEBUG_INFORMATION_FORMAT = "dwarf-with-dsym";
				ENABLE_NS_ASSERTIONS = NO;
				ENABLE_STRICT_OBJC_MSGSEND = YES;
				GCC_C_LANGUAGE_STANDARD = gnu11;
				GCC_NO_COMMON_BLOCKS = YES;
				GCC_WARN_64_TO_32_BIT_CONVERSION = YES;
				GCC_WARN_ABOUT_RETURN_TYPE = YES_ERROR;
				GCC_WARN_UNDECLARED_SELECTOR = YES;
				GCC_WARN_UNINITIALIZED_AUTOS = YES_AGGRESSIVE;
				GCC_WARN_UNUSED_FUNCTION = YES;
				GCC_WARN_UNUSED_VARIABLE = YES;
				IPHONEOS_DEPLOYMENT_TARGET = 11.2;
				MTL_ENABLE_DEBUG_INFO = NO;
				SDKROOT = iphoneos;
				SWIFT_OPTIMIZATION_LEVEL = "-Owholemodule";
				VALIDATE_PRODUCT = YES;
			};
			name = Release;
		};
		84ECD526204BFE4100904F0D /* Debug */ = {
			isa = XCBuildConfiguration;
			buildSettings = {
				ASSETCATALOG_COMPILER_APPICON_NAME = AppIcon;
				CODE_SIGN_STYLE = Automatic;
				INFOPLIST_FILE = SampleApp/Info.plist;
				LD_RUNPATH_SEARCH_PATHS = "$(inherited) @executable_path/Frameworks";
				PRODUCT_BUNDLE_IDENTIFIER = "com.-.SampleApp";
				PRODUCT_NAME = "$(TARGET_NAME)";
				SWIFT_VERSION = 4.0;
				TARGETED_DEVICE_FAMILY = "1,2";
			};
			name = Debug;
		};
		84ECD527204BFE4100904F0D /* Release */ = {
			isa = XCBuildConfiguration;
			buildSettings = {
				ASSETCATALOG_COMPILER_APPICON_NAME = AppIcon;
				CODE_SIGN_STYLE = Automatic;
				INFOPLIST_FILE = SampleApp/Info.plist;
				LD_RUNPATH_SEARCH_PATHS = "$(inherited) @executable_path/Frameworks";
				PRODUCT_BUNDLE_IDENTIFIER = "com.-.SampleApp";
				PRODUCT_NAME = "$(TARGET_NAME)";
				SWIFT_VERSION = 4.0;
				TARGETED_DEVICE_FAMILY = "1,2";
			};
			name = Release;
		};
		84ECD529204BFE4100904F0D /* Debug */ = {
			isa = XCBuildConfiguration;
			buildSettings = {
				ALWAYS_EMBED_SWIFT_STANDARD_LIBRARIES = YES;
				BUNDLE_LOADER = "$(TEST_HOST)";
				CODE_SIGN_STYLE = Automatic;
				INFOPLIST_FILE = SampleAppTests/Info.plist;
				LD_RUNPATH_SEARCH_PATHS = "$(inherited) @executable_path/Frameworks @loader_path/Frameworks";
				PRODUCT_BUNDLE_IDENTIFIER = "com.-.SampleAppTests";
				PRODUCT_NAME = "$(TARGET_NAME)";
				SWIFT_VERSION = 4.0;
				TARGETED_DEVICE_FAMILY = "1,2";
				TEST_HOST = "$(BUILT_PRODUCTS_DIR)/SampleApp.app/SampleApp";
			};
			name = Debug;
		};
		84ECD52A204BFE4100904F0D /* Release */ = {
			isa = XCBuildConfiguration;
			buildSettings = {
				ALWAYS_EMBED_SWIFT_STANDARD_LIBRARIES = YES;
				BUNDLE_LOADER = "$(TEST_HOST)";
				CODE_SIGN_STYLE = Automatic;
				INFOPLIST_FILE = SampleAppTests/Info.plist;
				LD_RUNPATH_SEARCH_PATHS = "$(inherited) @executable_path/Frameworks @loader_path/Frameworks";
				PRODUCT_BUNDLE_IDENTIFIER = "com.-.SampleAppTests";
				PRODUCT_NAME = "$(TARGET_NAME)";
				SWIFT_VERSION = 4.0;
				TARGETED_DEVICE_FAMILY = "1,2";
				TEST_HOST = "$(BUILT_PRODUCTS_DIR)/SampleApp.app/SampleApp";
			};
			name = Release;
		};
		84ECD52C204BFE4100904F0D /* Debug */ = {
			isa = XCBuildConfiguration;
			buildSettings = {
				ALWAYS_EMBED_SWIFT_STANDARD_LIBRARIES = YES;
				CODE_SIGN_STYLE = Automatic;
				INFOPLIST_FILE = SampleAppUITests/Info.plist;
				LD_RUNPATH_SEARCH_PATHS = "$(inherited) @executable_path/Frameworks @loader_path/Frameworks";
				PRODUCT_BUNDLE_IDENTIFIER = "com.-.SampleAppUITests";
				PRODUCT_NAME = "$(TARGET_NAME)";
				SWIFT_VERSION = 4.0;
				TARGETED_DEVICE_FAMILY = "1,2";
				TEST_TARGET_NAME = SampleApp;
			};
			name = Debug;
		};
		84ECD52D204BFE4100904F0D /* Release */ = {
			isa = XCBuildConfiguration;
			buildSettings = {
				ALWAYS_EMBED_SWIFT_STANDARD_LIBRARIES = YES;
				CODE_SIGN_STYLE = Automatic;
				INFOPLIST_FILE = SampleAppUITests/Info.plist;
				LD_RUNPATH_SEARCH_PATHS = "$(inherited) @executable_path/Frameworks @loader_path/Frameworks";
				PRODUCT_BUNDLE_IDENTIFIER = "com.-.SampleAppUITests";
				PRODUCT_NAME = "$(TARGET_NAME)";
				SWIFT_VERSION = 4.0;
				TARGETED_DEVICE_FAMILY = "1,2";
				TEST_TARGET_NAME = SampleApp;
			};
			name = Release;
		};
/* End XCBuildConfiguration section */

/* Begin XCConfigurationList section */
		84ECD4F8204BFE4000904F0D /* Build configuration list for PBXProject "SampleApp" */ = {
			isa = XCConfigurationList;
			buildConfigurations = (
				84ECD523204BFE4100904F0D /* Debug */,
				84ECD524204BFE4100904F0D /* Release */,
			);
			defaultConfigurationIsVisible = 0;
			defaultConfigurationName = Release;
		};
		84ECD525204BFE4100904F0D /* Build configuration list for PBXNativeTarget "SampleApp" */ = {
			isa = XCConfigurationList;
			buildConfigurations = (
				84ECD526204BFE4100904F0D /* Debug */,
				84ECD527204BFE4100904F0D /* Release */,
			);
			defaultConfigurationIsVisible = 0;
			defaultConfigurationName = Release;
		};
		84ECD528204BFE4100904F0D /* Build configuration list for PBXNativeTarget "SampleAppTests" */ = {
			isa = XCConfigurationList;
			buildConfigurations = (
				84ECD529204BFE4100904F0D /* Debug */,
				84ECD52A204BFE4100904F0D /* Release */,
			);
			defaultConfigurationIsVisible = 0;
			defaultConfigurationName = Release;
		};
		84ECD52B204BFE4100904F0D /* Build configuration list for PBXNativeTarget "SampleAppUITests" */ = {
			isa = XCConfigurationList;
			buildConfigurations = (
				84ECD52C204BFE4100904F0D /* Debug */,
				84ECD52D204BFE4100904F0D /* Release */,
			);
			defaultConfigurationIsVisible = 0;
			defaultConfigurationName = Release;
		};
/* End XCConfigurationList section */
	};
	rootObject = 84ECD4F5204BFE4000904F0D /* Project object */;
}
