// !$*UTF8*$!
{
	archiveVersion = 1;
	classes = {
	};
	objectVersion = 48;
	objects = {

/* Begin PBXBuildFile section */
		6D57A0237DFA6BE0EC14EBD8 /* Pods_SampleAppTests.framework in Frameworks */ = {isa = PBXBuildFile; fileRef = AEA8A16F95B8D74B6E5DBA2D /* Pods_SampleAppTests.framework */; };
		6E0AA07816A32903BB1ED7FD /* Pods_SampleApp.framework in Frameworks */ = {isa = PBXBuildFile; fileRef = 2C2BB1E3D20F3D87CCB1F8B2 /* Pods_SampleApp.framework */; };
		84A46B6D204D9C5E00808E0D /* Twitter.framework in Frameworks */ = {isa = PBXBuildFile; fileRef = 84A46B6C204D9C5E00808E0D /* Twitter.framework */; };
		84A46B6F204D9D4400808E0D /* Social.framework in Frameworks */ = {isa = PBXBuildFile; fileRef = 84A46B6E204D9D4400808E0D /* Social.framework */; };
		84A46B71204D9D4A00808E0D /* Accounts.framework in Frameworks */ = {isa = PBXBuildFile; fileRef = 84A46B70204D9D4A00808E0D /* Accounts.framework */; };
		84A46B73204D9D5000808E0D /* Security.framework in Frameworks */ = {isa = PBXBuildFile; fileRef = 84A46B72204D9D5000808E0D /* Security.framework */; };
		84A46BFA204EB9CA00808E0D /* OrderDetailDTO.swift in Sources */ = {isa = PBXBuildFile; fileRef = 84A46BF9204EB9CA00808E0D /* OrderDetailDTO.swift */; };
		84A46BFC204ED90800808E0D /* CustomTableViewCell.swift in Sources */ = {isa = PBXBuildFile; fileRef = 84A46BFB204ED90800808E0D /* CustomTableViewCell.swift */; };
		84A46BFE204EE22E00808E0D /* BookMarkViewController.swift in Sources */ = {isa = PBXBuildFile; fileRef = 84A46BFD204EE22E00808E0D /* BookMarkViewController.swift */; };
		84ECD501204BFE4000904F0D /* AppDelegate.swift in Sources */ = {isa = PBXBuildFile; fileRef = 84ECD500204BFE4000904F0D /* AppDelegate.swift */; };
		84ECD503204BFE4000904F0D /* ViewController.swift in Sources */ = {isa = PBXBuildFile; fileRef = 84ECD502204BFE4000904F0D /* ViewController.swift */; };
		84ECD506204BFE4000904F0D /* Main.storyboard in Resources */ = {isa = PBXBuildFile; fileRef = 84ECD504204BFE4000904F0D /* Main.storyboard */; };
		84ECD508204BFE4000904F0D /* Assets.xcassets in Resources */ = {isa = PBXBuildFile; fileRef = 84ECD507204BFE4000904F0D /* Assets.xcassets */; };
		84ECD50B204BFE4000904F0D /* LaunchScreen.storyboard in Resources */ = {isa = PBXBuildFile; fileRef = 84ECD509204BFE4000904F0D /* LaunchScreen.storyboard */; };
		84ECD516204BFE4000904F0D /* SampleAppTests.swift in Sources */ = {isa = PBXBuildFile; fileRef = 84ECD515204BFE4000904F0D /* SampleAppTests.swift */; };
		84ECD521204BFE4100904F0D /* SampleAppUITests.swift in Sources */ = {isa = PBXBuildFile; fileRef = 84ECD520204BFE4100904F0D /* SampleAppUITests.swift */; };
		A6FB3CF6C4B4C1CE87921532 /* Pods_SampleAppUITests.framework in Frameworks */ = {isa = PBXBuildFile; fileRef = D6D2F8C62A7FA22728492B70 /* Pods_SampleAppUITests.framework */; };
/* End PBXBuildFile section */

/* Begin PBXContainerItemProxy section */
		84ECD512204BFE4000904F0D /* PBXContainerItemProxy */ = {
			isa = PBXContainerItemProxy;
			containerPortal = 84ECD4F5204BFE4000904F0D /* Project object */;
			proxyType = 1;
			remoteGlobalIDString = 84ECD4FC204BFE4000904F0D;
			remoteInfo = SampleApp;
		};
		84ECD51D204BFE4100904F0D /* PBXContainerItemProxy */ = {
			isa = PBXContainerItemProxy;
			containerPortal = 84ECD4F5204BFE4000904F0D /* Project object */;
			proxyType = 1;
			remoteGlobalIDString = 84ECD4FC204BFE4000904F0D;
			remoteInfo = SampleApp;
		};
/* End PBXContainerItemProxy section */

/* Begin PBXFileReference section */
		010CDE129BDB0C6ED3B46CFB /* Pods-SampleAppTests.debug.xcconfig */ = {isa = PBXFileReference; includeInIndex = 1; lastKnownFileType = text.xcconfig; name = "Pods-SampleAppTests.debug.xcconfig"; path = "Pods/Target Support Files/Pods-SampleAppTests/Pods-SampleAppTests.debug.xcconfig"; sourceTree = "<group>"; };
		22C167C4E69A7682A2A834A1 /* Pods-SampleAppUITests.release.xcconfig */ = {isa = PBXFileReference; includeInIndex = 1; lastKnownFileType = text.xcconfig; name = "Pods-SampleAppUITests.release.xcconfig"; path = "Pods/Target Support Files/Pods-SampleAppUITests/Pods-SampleAppUITests.release.xcconfig"; sourceTree = "<group>"; };
		2C2BB1E3D20F3D87CCB1F8B2 /* Pods_SampleApp.framework */ = {isa = PBXFileReference; explicitFileType = wrapper.framework; includeInIndex = 0; path = Pods_SampleApp.framework; sourceTree = BUILT_PRODUCTS_DIR; };
		54CD01D2AA933D90D34C5C11 /* Pods-SampleApp.release.xcconfig */ = {isa = PBXFileReference; includeInIndex = 1; lastKnownFileType = text.xcconfig; name = "Pods-SampleApp.release.xcconfig"; path = "Pods/Target Support Files/Pods-SampleApp/Pods-SampleApp.release.xcconfig"; sourceTree = "<group>"; };
		5B4AD8847B3832B868200F71 /* Pods-SampleApp.debug.xcconfig */ = {isa = PBXFileReference; includeInIndex = 1; lastKnownFileType = text.xcconfig; name = "Pods-SampleApp.debug.xcconfig"; path = "Pods/Target Support Files/Pods-SampleApp/Pods-SampleApp.debug.xcconfig"; sourceTree = "<group>"; };
		7676F6B84F274C7F4DCA105E /* Pods-SampleAppTests.release.xcconfig */ = {isa = PBXFileReference; includeInIndex = 1; lastKnownFileType = text.xcconfig; name = "Pods-SampleAppTests.release.xcconfig"; path = "Pods/Target Support Files/Pods-SampleAppTests/Pods-SampleAppTests.release.xcconfig"; sourceTree = "<group>"; };
		84A46B6C204D9C5E00808E0D /* Twitter.framework */ = {isa = PBXFileReference; lastKnownFileType = wrapper.framework; name = Twitter.framework; path = System/Library/Frameworks/Twitter.framework; sourceTree = SDKROOT; };
		84A46B6E204D9D4400808E0D /* Social.framework */ = {isa = PBXFileReference; lastKnownFileType = wrapper.framework; name = Social.framework; path = System/Library/Frameworks/Social.framework; sourceTree = SDKROOT; };
		84A46B70204D9D4A00808E0D /* Accounts.framework */ = {isa = PBXFileReference; lastKnownFileType = wrapper.framework; name = Accounts.framework; path = System/Library/Frameworks/Accounts.framework; sourceTree = SDKROOT; };
		84A46B72204D9D5000808E0D /* Security.framework */ = {isa = PBXFileReference; lastKnownFileType = wrapper.framework; name = Security.framework; path = System/Library/Frameworks/Security.framework; sourceTree = SDKROOT; };
		84A46BF9204EB9CA00808E0D /* OrderDetailDTO.swift */ = {isa = PBXFileReference; fileEncoding = 4; lastKnownFileType = sourcecode.swift; path = OrderDetailDTO.swift; sourceTree = "<group>"; };
		84A46BFB204ED90800808E0D /* CustomTableViewCell.swift */ = {isa = PBXFileReference; lastKnownFileType = sourcecode.swift; path = CustomTableViewCell.swift; sourceTree = "<group>"; };
		84A46BFD204EE22E00808E0D /* BookMarkViewController.swift */ = {isa = PBXFileReference; lastKnownFileType = sourcecode.swift; path = BookMarkViewController.swift; sourceTree = "<group>"; };
		84ECD4FD204BFE4000904F0D /* SampleApp.app */ = {isa = PBXFileReference; explicitFileType = wrapper.application; includeInIndex = 0; path = SampleApp.app; sourceTree = BUILT_PRODUCTS_DIR; };
		84ECD500204BFE4000904F0D /* AppDelegate.swift */ = {isa = PBXFileReference; lastKnownFileType = sourcecode.swift; path = AppDelegate.swift; sourceTree = "<group>"; };
		84ECD502204BFE4000904F0D /* ViewController.swift */ = {isa = PBXFileReference; lastKnownFileType = sourcecode.swift; path = ViewController.swift; sourceTree = "<group>"; };
		84ECD505204BFE4000904F0D /* Base */ = {isa = PBXFileReference; lastKnownFileType = file.storyboard; name = Base; path = Base.lproj/Main.storyboard; sourceTree = "<group>"; };
		84ECD507204BFE4000904F0D /* Assets.xcassets */ = {isa = PBXFileReference; lastKnownFileType = folder.assetcatalog; path = Assets.xcassets; sourceTree = "<group>"; };
		84ECD50A204BFE4000904F0D /* Base */ = {isa = PBXFileReference; lastKnownFileType = file.storyboard; name = Base; path = Base.lproj/LaunchScreen.storyboard; sourceTree = "<group>"; };
		84ECD50C204BFE4000904F0D /* Info.plist */ = {isa = PBXFileReference; lastKnownFileType = text.plist.xml; path = Info.plist; sourceTree = "<group>"; };
		84ECD511204BFE4000904F0D /* SampleAppTests.xctest */ = {isa = PBXFileReference; explicitFileType = wrapper.cfbundle; includeInIndex = 0; path = SampleAppTests.xctest; sourceTree = BUILT_PRODUCTS_DIR; };
		84ECD515204BFE4000904F0D /* SampleAppTests.swift */ = {isa = PBXFileReference; lastKnownFileType = sourcecode.swift; path = SampleAppTests.swift; sourceTree = "<group>"; };
		84ECD517204BFE4000904F0D /* Info.plist */ = {isa = PBXFileReference; lastKnownFileType = text.plist.xml; path = Info.plist; sourceTree = "<group>"; };
		84ECD51C204BFE4100904F0D /* SampleAppUITests.xctest */ = {isa = PBXFileReference; explicitFileType = wrapper.cfbundle; includeInIndex = 0; path = SampleAppUITests.xctest; sourceTree = BUILT_PRODUCTS_DIR; };
		84ECD520204BFE4100904F0D /* SampleAppUITests.swift */ = {isa = PBXFileReference; lastKnownFileType = sourcecode.swift; path = SampleAppUITests.swift; sourceTree = "<group>"; };
		84ECD522204BFE4100904F0D /* Info.plist */ = {isa = PBXFileReference; lastKnownFileType = text.plist.xml; path = Info.plist; sourceTree = "<group>"; };
		84ECD52E204D828800904F0D /* Bridging-Header.h */ = {isa = PBXFileReference; lastKnownFileType = sourcecode.c.h; path = "Bridging-Header.h"; sourceTree = "<group>"; };
		AEA8A16F95B8D74B6E5DBA2D /* Pods_SampleAppTests.framework */ = {isa = PBXFileReference; explicitFileType = wrapper.framework; includeInIndex = 0; path = Pods_SampleAppTests.framework; sourceTree = BUILT_PRODUCTS_DIR; };
		D6D2F8C62A7FA22728492B70 /* Pods_SampleAppUITests.framework */ = {isa = PBXFileReference; explicitFileType = wrapper.framework; includeInIndex = 0; path = Pods_SampleAppUITests.framework; sourceTree = BUILT_PRODUCTS_DIR; };
		D894F954A02D136794FD8306 /* Pods-SampleAppUITests.debug.xcconfig */ = {isa = PBXFileReference; includeInIndex = 1; lastKnownFileType = text.xcconfig; name = "Pods-SampleAppUITests.debug.xcconfig"; path = "Pods/Target Support Files/Pods-SampleAppUITests/Pods-SampleAppUITests.debug.xcconfig"; sourceTree = "<group>"; };
/* End PBXFileReference section */

/* Begin PBXFrameworksBuildPhase section */
		84ECD4FA204BFE4000904F0D /* Frameworks */ = {
			isa = PBXFrameworksBuildPhase;
			buildActionMask = 2147483647;
			files = (
				84A46B73204D9D5000808E0D /* Security.framework in Frameworks */,
				84A46B71204D9D4A00808E0D /* Accounts.framework in Frameworks */,
				84A46B6F204D9D4400808E0D /* Social.framework in Frameworks */,
				84A46B6D204D9C5E00808E0D /* Twitter.framework in Frameworks */,
				6E0AA07816A32903BB1ED7FD /* Pods_SampleApp.framework in Frameworks */,
			);
			runOnlyForDeploymentPostprocessing = 0;
		};
		84ECD50E204BFE4000904F0D /* Frameworks */ = {
			isa = PBXFrameworksBuildPhase;
			buildActionMask = 2147483647;
			files = (
				6D57A0237DFA6BE0EC14EBD8 /* Pods_SampleAppTests.framework in Frameworks */,
			);
			runOnlyForDeploymentPostprocessing = 0;
		};
		84ECD519204BFE4100904F0D /* Frameworks */ = {
			isa = PBXFrameworksBuildPhase;
			buildActionMask = 2147483647;
			files = (
				A6FB3CF6C4B4C1CE87921532 /* Pods_SampleAppUITests.framework in Frameworks */,
			);
			runOnlyForDeploymentPostprocessing = 0;
		};
/* End PBXFrameworksBuildPhase section */

/* Begin PBXGroup section */
		571DE2BA28ED0FFAFDA88669 /* Pods */ = {
			isa = PBXGroup;
			children = (
				5B4AD8847B3832B868200F71 /* Pods-SampleApp.debug.xcconfig */,
				54CD01D2AA933D90D34C5C11 /* Pods-SampleApp.release.xcconfig */,
				010CDE129BDB0C6ED3B46CFB /* Pods-SampleAppTests.debug.xcconfig */,
				7676F6B84F274C7F4DCA105E /* Pods-SampleAppTests.release.xcconfig */,
				D894F954A02D136794FD8306 /* Pods-SampleAppUITests.debug.xcconfig */,
				22C167C4E69A7682A2A834A1 /* Pods-SampleAppUITests.release.xcconfig */,
			);
			name = Pods;
			sourceTree = "<group>";
		};
		84ECD4F4204BFE4000904F0D = {
			isa = PBXGroup;
			children = (
				84ECD4FF204BFE4000904F0D /* SampleApp */,
				84ECD514204BFE4000904F0D /* SampleAppTests */,
				84ECD51F204BFE4100904F0D /* SampleAppUITests */,
				84ECD4FE204BFE4000904F0D /* Products */,
				571DE2BA28ED0FFAFDA88669 /* Pods */,
				924159EA12A827058734BE6A /* Frameworks */,
			);
			sourceTree = "<group>";
		};
		84ECD4FE204BFE4000904F0D /* Products */ = {
			isa = PBXGroup;
			children = (
				84ECD4FD204BFE4000904F0D /* SampleApp.app */,
				84ECD511204BFE4000904F0D /* SampleAppTests.xctest */,
				84ECD51C204BFE4100904F0D /* SampleAppUITests.xctest */,
			);
			name = Products;
			sourceTree = "<group>";
		};
		84ECD4FF204BFE4000904F0D /* SampleApp */ = {
			isa = PBXGroup;
			children = (
				84ECD500204BFE4000904F0D /* AppDelegate.swift */,
				84ECD502204BFE4000904F0D /* ViewController.swift */,
				84A46BFD204EE22E00808E0D /* BookMarkViewController.swift */,
				84A46BF9204EB9CA00808E0D /* OrderDetailDTO.swift */,
				84A46BFB204ED90800808E0D /* CustomTableViewCell.swift */,
				84ECD504204BFE4000904F0D /* Main.storyboard */,
				84ECD507204BFE4000904F0D /* Assets.xcassets */,
				84ECD509204BFE4000904F0D /* LaunchScreen.storyboard */,
				84ECD50C204BFE4000904F0D /* Info.plist */,
				84ECD52E204D828800904F0D /* Bridging-Header.h */,
			);
			path = SampleApp;
			sourceTree = "<group>";
		};
		84ECD514204BFE4000904F0D /* SampleAppTests */ = {
			isa = PBXGroup;
			children = (
				84ECD515204BFE4000904F0D /* SampleAppTests.swift */,
				84ECD517204BFE4000904F0D /* Info.plist */,
			);
			path = SampleAppTests;
			sourceTree = "<group>";
		};
		84ECD51F204BFE4100904F0D /* SampleAppUITests */ = {
			isa = PBXGroup;
			children = (
				84ECD520204BFE4100904F0D /* SampleAppUITests.swift */,
				84ECD522204BFE4100904F0D /* Info.plist */,
			);
			path = SampleAppUITests;
			sourceTree = "<group>";
		};
		924159EA12A827058734BE6A /* Frameworks */ = {
			isa = PBXGroup;
			children = (
				84A46B72204D9D5000808E0D /* Security.framework */,
				84A46B70204D9D4A00808E0D /* Accounts.framework */,
				84A46B6E204D9D4400808E0D /* Social.framework */,
				84A46B6C204D9C5E00808E0D /* Twitter.framework */,
				2C2BB1E3D20F3D87CCB1F8B2 /* Pods_SampleApp.framework */,
				AEA8A16F95B8D74B6E5DBA2D /* Pods_SampleAppTests.framework */,
				D6D2F8C62A7FA22728492B70 /* Pods_SampleAppUITests.framework */,
			);
			name = Frameworks;
			sourceTree = "<group>";
		};
/* End PBXGroup section */

/* Begin PBXNativeTarget section */
		84ECD4FC204BFE4000904F0D /* SampleApp */ = {
			isa = PBXNativeTarget;
			buildConfigurationList = 84ECD525204BFE4100904F0D /* Build configuration list for PBXNativeTarget "SampleApp" */;
			buildPhases = (
				5D7A7DC0D09793EC549E2BEC /* [CP] Check Pods Manifest.lock */,
				84ECD4F9204BFE4000904F0D /* Sources */,
				84ECD4FA204BFE4000904F0D /* Frameworks */,
				84ECD4FB204BFE4000904F0D /* Resources */,
				2E160F2D943C80B9EA1967A5 /* [CP] Embed Pods Frameworks */,
				833AA360D52CB804F42F7B6D /* [CP] Copy Pods Resources */,
			);
			buildRules = (
			);
			dependencies = (
			);
			name = SampleApp;
			productName = SampleApp;
			productReference = 84ECD4FD204BFE4000904F0D /* SampleApp.app */;
			productType = "com.apple.product-type.application";
		};
		84ECD510204BFE4000904F0D /* SampleAppTests */ = {
			isa = PBXNativeTarget;
			buildConfigurationList = 84ECD528204BFE4100904F0D /* Build configuration list for PBXNativeTarget "SampleAppTests" */;
			buildPhases = (
				690CE0F4ED96DFABD86DA44B /* [CP] Check Pods Manifest.lock */,
				84ECD50D204BFE4000904F0D /* Sources */,
				84ECD50E204BFE4000904F0D /* Frameworks */,
				84ECD50F204BFE4000904F0D /* Resources */,
				14F7C9C70BEDAD3B900B511A /* [CP] Embed Pods Frameworks */,
				E12723B248FEBFEF9FDCECE6 /* [CP] Copy Pods Resources */,
			);
			buildRules = (
			);
			dependencies = (
				84ECD513204BFE4000904F0D /* PBXTargetDependency */,
			);
			name = SampleAppTests;
			productName = SampleAppTests;
			productReference = 84ECD511204BFE4000904F0D /* SampleAppTests.xctest */;
			productType = "com.apple.product-type.bundle.unit-test";
		};
		84ECD51B204BFE4100904F0D /* SampleAppUITests */ = {
			isa = PBXNativeTarget;
			buildConfigurationList = 84ECD52B204BFE4100904F0D /* Build configuration list for PBXNativeTarget "SampleAppUITests" */;
			buildPhases = (
				CF8FE980CE1B0194C0C4639B /* [CP] Check Pods Manifest.lock */,
				84ECD518204BFE4100904F0D /* Sources */,
				84ECD519204BFE4100904F0D /* Frameworks */,
				84ECD51A204BFE4100904F0D /* Resources */,
				189D2199318A5262863100CB /* [CP] Embed Pods Frameworks */,
				BD40EFB965686035BB36CBE1 /* [CP] Copy Pods Resources */,
			);
			buildRules = (
			);
			dependencies = (
				84ECD51E204BFE4100904F0D /* PBXTargetDependency */,
			);
			name = SampleAppUITests;
			productName = SampleAppUITests;
			productReference = 84ECD51C204BFE4100904F0D /* SampleAppUITests.xctest */;
			productType = "com.apple.product-type.bundle.ui-testing";
		};
/* End PBXNativeTarget section */

/* Begin PBXProject section */
		84ECD4F5204BFE4000904F0D /* Project object */ = {
			isa = PBXProject;
			attributes = {
				LastSwiftUpdateCheck = 0920;
				LastUpgradeCheck = 0920;
				ORGANIZATIONNAME = Admin;
				TargetAttributes = {
					84ECD4FC204BFE4000904F0D = {
						CreatedOnToolsVersion = 9.2;
						ProvisioningStyle = Automatic;
					};
					84ECD510204BFE4000904F0D = {
						CreatedOnToolsVersion = 9.2;
						ProvisioningStyle = Automatic;
						TestTargetID = 84ECD4FC204BFE4000904F0D;
					};
					84ECD51B204BFE4100904F0D = {
						CreatedOnToolsVersion = 9.2;
						ProvisioningStyle = Automatic;
						TestTargetID = 84ECD4FC204BFE4000904F0D;
					};
				};
			};
			buildConfigurationList = 84ECD4F8204BFE4000904F0D /* Build configuration list for PBXProject "SampleApp" */;
			compatibilityVersion = "Xcode 8.0";
			developmentRegion = en;
			hasScannedForEncodings = 0;
			knownRegions = (
				en,
				Base,
			);
			mainGroup = 84ECD4F4204BFE4000904F0D;
			productRefGroup = 84ECD4FE204BFE4000904F0D /* Products */;
			projectDirPath = "";
			projectRoot = "";
			targets = (
				84ECD4FC204BFE4000904F0D /* SampleApp */,
				84ECD510204BFE4000904F0D /* SampleAppTests */,
				84ECD51B204BFE4100904F0D /* SampleAppUITests */,
			);
		};
/* End PBXProject section */

/* Begin PBXResourcesBuildPhase section */
		84ECD4FB204BFE4000904F0D /* Resources */ = {
			isa = PBXResourcesBuildPhase;
			buildActionMask = 2147483647;
			files = (
				84ECD50B204BFE4000904F0D /* LaunchScreen.storyboard in Resources */,
				84ECD508204BFE4000904F0D /* Assets.xcassets in Resources */,
				84ECD506204BFE4000904F0D /* Main.storyboard in Resources */,
			);
			runOnlyForDeploymentPostprocessing = 0;
		};
		84ECD50F204BFE4000904F0D /* Resources */ = {
			isa = PBXResourcesBuildPhase;
			buildActionMask = 2147483647;
			files = (
			);
			runOnlyForDeploymentPostprocessing = 0;
		};
		84ECD51A204BFE4100904F0D /* Resources */ = {
			isa = PBXResourcesBuildPhase;
			buildActionMask = 2147483647;
			files = (
			);
			runOnlyForDeploymentPostprocessing = 0;
		};
/* End PBXResourcesBuildPhase section */

/* Begin PBXShellScriptBuildPhase section */
		14F7C9C70BEDAD3B900B511A /* [CP] Embed Pods Frameworks */ = {
			isa = PBXShellScriptBuildPhase;
			buildActionMask = 2147483647;
			files = (
			);
			inputPaths = (
			);
			name = "[CP] Embed Pods Frameworks";
			outputPaths = (
			);
			runOnlyForDeploymentPostprocessing = 0;
			shellPath = /bin/sh;
			shellScript = "\"${SRCROOT}/Pods/Target Support Files/Pods-SampleAppTests/Pods-SampleAppTests-frameworks.sh\"\n";
			showEnvVarsInLog = 0;
		};
		189D2199318A5262863100CB /* [CP] Embed Pods Frameworks */ = {
			isa = PBXShellScriptBuildPhase;
			buildActionMask = 2147483647;
			files = (
			);
			inputPaths = (
			);
			name = "[CP] Embed Pods Frameworks";
			outputPaths = (
			);
			runOnlyForDeploymentPostprocessing = 0;
			shellPath = /bin/sh;
			shellScript = "\"${SRCROOT}/Pods/Target Support Files/Pods-SampleAppUITests/Pods-SampleAppUITests-frameworks.sh\"\n";
			showEnvVarsInLog = 0;
		};
		2E160F2D943C80B9EA1967A5 /* [CP] Embed Pods Frameworks */ = {
			isa = PBXShellScriptBuildPhase;
			buildActionMask = 2147483647;
			files = (
			);
			inputPaths = (
				"${SRCROOT}/Pods/Target Support Files/Pods-SampleApp/Pods-SampleApp-frameworks.sh",
				"${BUILT_PRODUCTS_DIR}/STTwitter/STTwitter.framework",
			);
			name = "[CP] Embed Pods Frameworks";
			outputPaths = (
				"${TARGET_BUILD_DIR}/${FRAMEWORKS_FOLDER_PATH}/STTwitter.framework",
			);
			runOnlyForDeploymentPostprocessing = 0;
			shellPath = /bin/sh;
			shellScript = "\"${SRCROOT}/Pods/Target Support Files/Pods-SampleApp/Pods-SampleApp-frameworks.sh\"\n";
			showEnvVarsInLog = 0;
		};
		5D7A7DC0D09793EC549E2BEC /* [CP] Check Pods Manifest.lock */ = {
			isa = PBXShellScriptBuildPhase;
			buildActionMask = 2147483647;
			files = (
			);
			inputPaths = (
				"${PODS_PODFILE_DIR_PATH}/Podfile.lock",
				"${PODS_ROOT}/Manifest.lock",
			);
			name = "[CP] Check Pods Manifest.lock";
			outputPaths = (
				"$(DERIVED_FILE_DIR)/Pods-SampleApp-checkManifestLockResult.txt",
			);
			runOnlyForDeploymentPostprocessing = 0;
			shellPath = /bin/sh;
			shellScript = "diff \"${PODS_PODFILE_DIR_PATH}/Podfile.lock\" \"${PODS_ROOT}/Manifest.lock\" > /dev/null\nif [ $? != 0 ] ; then\n    # print error to STDERR\n    echo \"error: The sandbox is not in sync with the Podfile.lock. Run 'pod install' or update your CocoaPods installation.\" >&2\n    exit 1\nfi\n# This output is used by Xcode 'outputs' to avoid re-running this script phase.\necho \"SUCCESS\" > \"${SCRIPT_OUTPUT_FILE_0}\"\n";
			showEnvVarsInLog = 0;
		};
		690CE0F4ED96DFABD86DA44B /* [CP] Check Pods Manifest.lock */ = {
			isa = PBXShellScriptBuildPhase;
			buildActionMask = 2147483647;
			files = (
			);
			inputPaths = (
				"${PODS_PODFILE_DIR_PATH}/Podfile.lock",
				"${PODS_ROOT}/Manifest.lock",
			);
			name = "[CP] Check Pods Manifest.lock";
			outputPaths = (
				"$(DERIVED_FILE_DIR)/Pods-SampleAppTests-checkManifestLockResult.txt",
			);
			runOnlyForDeploymentPostprocessing = 0;
			shellPath = /bin/sh;
			shellScript = "diff \"${PODS_PODFILE_DIR_PATH}/Podfile.lock\" \"${PODS_ROOT}/Manifest.lock\" > /dev/null\nif [ $? != 0 ] ; then\n    # print error to STDERR\n    echo \"error: The sandbox is not in sync with the Podfile.lock. Run 'pod install' or update your CocoaPods installation.\" >&2\n    exit 1\nfi\n# This output is used by Xcode 'outputs' to avoid re-running this script phase.\necho \"SUCCESS\" > \"${SCRIPT_OUTPUT_FILE_0}\"\n";
			showEnvVarsInLog = 0;
		};
		833AA360D52CB804F42F7B6D /* [CP] Copy Pods Resources */ = {
			isa = PBXShellScriptBuildPhase;
			buildActionMask = 2147483647;
			files = (
			);
			inputPaths = (
				"${SRCROOT}/Pods/Target Support Files/Pods-SampleApp/Pods-SampleApp-resources.sh",
				"${PODS_ROOT}/TwitterKit/iOS/TwitterKit.framework/TwitterKitResources.bundle",
				"${PODS_ROOT}/TwitterKit/iOS/TwitterKit.framework/TwitterShareExtensionUIResources.bundle",
			);
			name = "[CP] Copy Pods Resources";
			outputPaths = (
				"${TARGET_BUILD_DIR}/${UNLOCALIZED_RESOURCES_FOLDER_PATH}/TwitterKitResources.bundle",
				"${TARGET_BUILD_DIR}/${UNLOCALIZED_RESOURCES_FOLDER_PATH}/TwitterShareExtensionUIResources.bundle",
			);
			runOnlyForDeploymentPostprocessing = 0;
			shellPath = /bin/sh;
			shellScript = "\"${SRCROOT}/Pods/Target Support Files/Pods-SampleApp/Pods-SampleApp-resources.sh\"\n";
			showEnvVarsInLog = 0;
		};
		BD40EFB965686035BB36CBE1 /* [CP] Copy Pods Resources */ = {
			isa = PBXShellScriptBuildPhase;
			buildActionMask = 2147483647;
			files = (
			);
			inputPaths = (
			);
			name = "[CP] Copy Pods Resources";
			outputPaths = (
			);
			runOnlyForDeploymentPostprocessing = 0;
			shellPath = /bin/sh;
			shellScript = "\"${SRCROOT}/Pods/Target Support Files/Pods-SampleAppUITests/Pods-SampleAppUITests-resources.sh\"\n";
			showEnvVarsInLog = 0;
		};
		CF8FE980CE1B0194C0C4639B /* [CP] Check Pods Manifest.lock */ = {
			isa = PBXShellScriptBuildPhase;
			buildActionMask = 2147483647;
			files = (
			);
			inputPaths = (
				"${PODS_PODFILE_DIR_PATH}/Podfile.lock",
				"${PODS_ROOT}/Manifest.lock",
			);
			name = "[CP] Check Pods Manifest.lock";
			outputPaths = (
				"$(DERIVED_FILE_DIR)/Pods-SampleAppUITests-checkManifestLockResult.txt",
			);
			runOnlyForDeploymentPostprocessing = 0;
			shellPath = /bin/sh;
			shellScript = "diff \"${PODS_PODFILE_DIR_PATH}/Podfile.lock\" \"${PODS_ROOT}/Manifest.lock\" > /dev/null\nif [ $? != 0 ] ; then\n    # print error to STDERR\n    echo \"error: The sandbox is not in sync with the Podfile.lock. Run 'pod install' or update your CocoaPods installation.\" >&2\n    exit 1\nfi\n# This output is used by Xcode 'outputs' to avoid re-running this script phase.\necho \"SUCCESS\" > \"${SCRIPT_OUTPUT_FILE_0}\"\n";
			showEnvVarsInLog = 0;
		};
		E12723B248FEBFEF9FDCECE6 /* [CP] Copy Pods Resources */ = {
			isa = PBXShellScriptBuildPhase;
			buildActionMask = 2147483647;
			files = (
			);
			inputPaths = (
			);
			name = "[CP] Copy Pods Resources";
			outputPaths = (
			);
			runOnlyForDeploymentPostprocessing = 0;
			shellPath = /bin/sh;
			shellScript = "\"${SRCROOT}/Pods/Target Support Files/Pods-SampleAppTests/Pods-SampleAppTests-resources.sh\"\n";
			showEnvVarsInLog = 0;
		};
/* End PBXShellScriptBuildPhase section */

/* Begin PBXSourcesBuildPhase section */
		84ECD4F9204BFE4000904F0D /* Sources */ = {
			isa = PBXSourcesBuildPhase;
			buildActionMask = 2147483647;
			files = (
				84ECD503204BFE4000904F0D /* ViewController.swift in Sources */,
				84A46BFE204EE22E00808E0D /* BookMarkViewController.swift in Sources */,
				84A46BFA204EB9CA00808E0D /* OrderDetailDTO.swift in Sources */,
				84A46BFC204ED90800808E0D /* CustomTableViewCell.swift in Sources */,
				84ECD501204BFE4000904F0D /* AppDelegate.swift in Sources */,
			);
			runOnlyForDeploymentPostprocessing = 0;
		};
		84ECD50D204BFE4000904F0D /* Sources */ = {
			isa = PBXSourcesBuildPhase;
			buildActionMask = 2147483647;
			files = (
				84ECD516204BFE4000904F0D /* SampleAppTests.swift in Sources */,
			);
			runOnlyForDeploymentPostprocessing = 0;
		};
		84ECD518204BFE4100904F0D /* Sources */ = {
			isa = PBXSourcesBuildPhase;
			buildActionMask = 2147483647;
			files = (
				84ECD521204BFE4100904F0D /* SampleAppUITests.swift in Sources */,
			);
			runOnlyForDeploymentPostprocessing = 0;
		};
/* End PBXSourcesBuildPhase section */

/* Begin PBXTargetDependency section */
		84ECD513204BFE4000904F0D /* PBXTargetDependency */ = {
			isa = PBXTargetDependency;
			target = 84ECD4FC204BFE4000904F0D /* SampleApp */;
			targetProxy = 84ECD512204BFE4000904F0D /* PBXContainerItemProxy */;
		};
		84ECD51E204BFE4100904F0D /* PBXTargetDependency */ = {
			isa = PBXTargetDependency;
			target = 84ECD4FC204BFE4000904F0D /* SampleApp */;
			targetProxy = 84ECD51D204BFE4100904F0D /* PBXContainerItemProxy */;
		};
/* End PBXTargetDependency section */

/* Begin PBXVariantGroup section */
		84ECD504204BFE4000904F0D /* Main.storyboard */ = {
			isa = PBXVariantGroup;
			children = (
				84ECD505204BFE4000904F0D /* Base */,
			);
			name = Main.storyboard;
			sourceTree = "<group>";
		};
		84ECD509204BFE4000904F0D /* LaunchScreen.storyboard */ = {
			isa = PBXVariantGroup;
			children = (
				84ECD50A204BFE4000904F0D /* Base */,
			);
			name = LaunchScreen.storyboard;
			sourceTree = "<group>";
		};
/* End PBXVariantGroup section */

/* Begin XCBuildConfiguration section */
		84ECD523204BFE4100904F0D /* Debug */ = {
			isa = XCBuildConfiguration;
			buildSettings = {
				ALWAYS_SEARCH_USER_PATHS = NO;
				CLANG_ANALYZER_NONNULL = YES;
				CLANG_ANALYZER_NUMBER_OBJECT_CONVERSION = YES_AGGRESSIVE;
				CLANG_CXX_LANGUAGE_STANDARD = "gnu++14";
				CLANG_CXX_LIBRARY = "libc++";
				CLANG_ENABLE_MODULES = YES;
				CLANG_ENABLE_OBJC_ARC = YES;
				CLANG_WARN_BLOCK_CAPTURE_AUTORELEASING = YES;
				CLANG_WARN_BOOL_CONVERSION = YES;
				CLANG_WARN_COMMA = YES;
				CLANG_WARN_CONSTANT_CONVERSION = YES;
				CLANG_WARN_DIRECT_OBJC_ISA_USAGE = YES_ERROR;
				CLANG_WARN_DOCUMENTATION_COMMENTS = YES;
				CLANG_WARN_EMPTY_BODY = YES;
				CLANG_WARN_ENUM_CONVERSION = YES;
				CLANG_WARN_INFINITE_RECURSION = YES;
				CLANG_WARN_INT_CONVERSION = YES;
				CLANG_WARN_NON_LITERAL_NULL_CONVERSION = YES;
				CLANG_WARN_OBJC_LITERAL_CONVERSION = YES;
				CLANG_WARN_OBJC_ROOT_CLASS = YES_ERROR;
				CLANG_WARN_RANGE_LOOP_ANALYSIS = YES;
				CLANG_WARN_STRICT_PROTOTYPES = YES;
				CLANG_WARN_SUSPICIOUS_MOVE = YES;
				CLANG_WARN_UNGUARDED_AVAILABILITY = YES_AGGRESSIVE;
				CLANG_WARN_UNREACHABLE_CODE = YES;
				CLANG_WARN__DUPLICATE_METHOD_MATCH = YES;
				CODE_SIGN_IDENTITY = "iPhone Developer";
				COPY_PHASE_STRIP = NO;
				DEBUG_INFORMATION_FORMAT = dwarf;
				ENABLE_STRICT_OBJC_MSGSEND = YES;
				ENABLE_TESTABILITY = YES;
				GCC_C_LANGUAGE_STANDARD = gnu11;
				GCC_DYNAMIC_NO_PIC = NO;
				GCC_NO_COMMON_BLOCKS = YES;
				GCC_OPTIMIZATION_LEVEL = 0;
				GCC_PREPROCESSOR_DEFINITIONS = (
					"DEBUG=1",
					"$(inherited)",
				);
				GCC_WARN_64_TO_32_BIT_CONVERSION = YES;
				GCC_WARN_ABOUT_RETURN_TYPE = YES_ERROR;
				GCC_WARN_UNDECLARED_SELECTOR = YES;
				GCC_WARN_UNINITIALIZED_AUTOS = YES_AGGRESSIVE;
				GCC_WARN_UNUSED_FUNCTION = YES;
				GCC_WARN_UNUSED_VARIABLE = YES;
				IPHONEOS_DEPLOYMENT_TARGET = 11.2;
				MTL_ENABLE_DEBUG_INFO = YES;
				ONLY_ACTIVE_ARCH = YES;
				SDKROOT = iphoneos;
				SWIFT_ACTIVE_COMPILATION_CONDITIONS = DEBUG;
				SWIFT_OPTIMIZATION_LEVEL = "-Onone";
			};
			name = Debug;
		};
		84ECD524204BFE4100904F0D /* Release */ = {
			isa = XCBuildConfiguration;
			buildSettings = {
				ALWAYS_SEARCH_USER_PATHS = NO;
				CLANG_ANALYZER_NONNULL = YES;
				CLANG_ANALYZER_NUMBER_OBJECT_CONVERSION = YES_AGGRESSIVE;
				CLANG_CXX_LANGUAGE_STANDARD = "gnu++14";
				CLANG_CXX_LIBRARY = "libc++";
				CLANG_ENABLE_MODULES = YES;
				CLANG_ENABLE_OBJC_ARC = YES;
				CLANG_WARN_BLOCK_CAPTURE_AUTORELEASING = YES;
				CLANG_WARN_BOOL_CONVERSION = YES;
				CLANG_WARN_COMMA = YES;
				CLANG_WARN_CONSTANT_CONVERSION = YES;
				CLANG_WARN_DIRECT_OBJC_ISA_USAGE = YES_ERROR;
				CLANG_WARN_DOCUMENTATION_COMMENTS = YES;
				CLANG_WARN_EMPTY_BODY = YES;
				CLANG_WARN_ENUM_CONVERSION = YES;
				CLANG_WARN_INFINITE_RECURSION = YES;
				CLANG_WARN_INT_CONVERSION = YES;
				CLANG_WARN_NON_LITERAL_NULL_CONVERSION = YES;
				CLANG_WARN_OBJC_LITERAL_CONVERSION = YES;
				CLANG_WARN_OBJC_ROOT_CLASS = YES_ERROR;
				CLANG_WARN_RANGE_LOOP_ANALYSIS = YES;
				CLANG_WARN_STRICT_PROTOTYPES = YES;
				CLANG_WARN_SUSPICIOUS_MOVE = YES;
				CLANG_WARN_UNGUARDED_AVAILABILITY = YES_AGGRESSIVE;
				CLANG_WARN_UNREACHABLE_CODE = YES;
				CLANG_WARN__DUPLICATE_METHOD_MATCH = YES;
				CODE_SIGN_IDENTITY = "iPhone Developer";
				COPY_PHASE_STRIP = NO;
				DEBUG_INFORMATION_FORMAT = "dwarf-with-dsym";
				ENABLE_NS_ASSERTIONS = NO;
				ENABLE_STRICT_OBJC_MSGSEND = YES;
				GCC_C_LANGUAGE_STANDARD = gnu11;
				GCC_NO_COMMON_BLOCKS = YES;
				GCC_WARN_64_TO_32_BIT_CONVERSION = YES;
				GCC_WARN_ABOUT_RETURN_TYPE = YES_ERROR;
				GCC_WARN_UNDECLARED_SELECTOR = YES;
				GCC_WARN_UNINITIALIZED_AUTOS = YES_AGGRESSIVE;
				GCC_WARN_UNUSED_FUNCTION = YES;
				GCC_WARN_UNUSED_VARIABLE = YES;
				IPHONEOS_DEPLOYMENT_TARGET = 11.2;
				MTL_ENABLE_DEBUG_INFO = NO;
				SDKROOT = iphoneos;
				SWIFT_OPTIMIZATION_LEVEL = "-Owholemodule";
				VALIDATE_PRODUCT = YES;
			};
			name = Release;
		};
		84ECD526204BFE4100904F0D /* Debug */ = {
			isa = XCBuildConfiguration;
			baseConfigurationReference = 5B4AD8847B3832B868200F71 /* Pods-SampleApp.debug.xcconfig */;
			buildSettings = {
				ASSETCATALOG_COMPILER_APPICON_NAME = AppIcon;
				CODE_SIGN_STYLE = Automatic;
				INFOPLIST_FILE = SampleApp/Info.plist;
				LD_RUNPATH_SEARCH_PATHS = "$(inherited) @executable_path/Frameworks";
				PRODUCT_BUNDLE_IDENTIFIER = "com.-.SampleApp";
				PRODUCT_NAME = "$(TARGET_NAME)";
				SWIFT_VERSION = 4.0;
				TARGETED_DEVICE_FAMILY = "1,2";
			};
			name = Debug;
		};
		84ECD527204BFE4100904F0D /* Release */ = {
			isa = XCBuildConfiguration;
			baseConfigurationReference = 54CD01D2AA933D90D34C5C11 /* Pods-SampleApp.release.xcconfig */;
			buildSettings = {
				ASSETCATALOG_COMPILER_APPICON_NAME = AppIcon;
				CODE_SIGN_STYLE = Automatic;
				INFOPLIST_FILE = SampleApp/Info.plist;
				LD_RUNPATH_SEARCH_PATHS = "$(inherited) @executable_path/Frameworks";
				PRODUCT_BUNDLE_IDENTIFIER = "com.-.SampleApp";
				PRODUCT_NAME = "$(TARGET_NAME)";
				SWIFT_VERSION = 4.0;
				TARGETED_DEVICE_FAMILY = "1,2";
			};
			name = Release;
		};
		84ECD529204BFE4100904F0D /* Debug */ = {
			isa = XCBuildConfiguration;
			baseConfigurationReference = 010CDE129BDB0C6ED3B46CFB /* Pods-SampleAppTests.debug.xcconfig */;
			buildSettings = {
				ALWAYS_EMBED_SWIFT_STANDARD_LIBRARIES = YES;
				BUNDLE_LOADER = "$(TEST_HOST)";
				CODE_SIGN_STYLE = Automatic;
				INFOPLIST_FILE = SampleAppTests/Info.plist;
				LD_RUNPATH_SEARCH_PATHS = "$(inherited) @executable_path/Frameworks @loader_path/Frameworks";
				PRODUCT_BUNDLE_IDENTIFIER = "com.-.SampleAppTests";
				PRODUCT_NAME = "$(TARGET_NAME)";
				SWIFT_VERSION = 4.0;
				TARGETED_DEVICE_FAMILY = "1,2";
				TEST_HOST = "$(BUILT_PRODUCTS_DIR)/SampleApp.app/SampleApp";
			};
			name = Debug;
		};
		84ECD52A204BFE4100904F0D /* Release */ = {
			isa = XCBuildConfiguration;
			baseConfigurationReference = 7676F6B84F274C7F4DCA105E /* Pods-SampleAppTests.release.xcconfig */;
			buildSettings = {
				ALWAYS_EMBED_SWIFT_STANDARD_LIBRARIES = YES;
				BUNDLE_LOADER = "$(TEST_HOST)";
				CODE_SIGN_STYLE = Automatic;
				INFOPLIST_FILE = SampleAppTests/Info.plist;
				LD_RUNPATH_SEARCH_PATHS = "$(inherited) @executable_path/Frameworks @loader_path/Frameworks";
				PRODUCT_BUNDLE_IDENTIFIER = "com.-.SampleAppTests";
				PRODUCT_NAME = "$(TARGET_NAME)";
				SWIFT_VERSION = 4.0;
				TARGETED_DEVICE_FAMILY = "1,2";
				TEST_HOST = "$(BUILT_PRODUCTS_DIR)/SampleApp.app/SampleApp";
			};
			name = Release;
		};
		84ECD52C204BFE4100904F0D /* Debug */ = {
			isa = XCBuildConfiguration;
			baseConfigurationReference = D894F954A02D136794FD8306 /* Pods-SampleAppUITests.debug.xcconfig */;
			buildSettings = {
				ALWAYS_EMBED_SWIFT_STANDARD_LIBRARIES = YES;
				CODE_SIGN_STYLE = Automatic;
				INFOPLIST_FILE = SampleAppUITests/Info.plist;
				LD_RUNPATH_SEARCH_PATHS = "$(inherited) @executable_path/Frameworks @loader_path/Frameworks";
				PRODUCT_BUNDLE_IDENTIFIER = "com.-.SampleAppUITests";
				PRODUCT_NAME = "$(TARGET_NAME)";
				SWIFT_VERSION = 4.0;
				TARGETED_DEVICE_FAMILY = "1,2";
				TEST_TARGET_NAME = SampleApp;
			};
			name = Debug;
		};
		84ECD52D204BFE4100904F0D /* Release */ = {
			isa = XCBuildConfiguration;
			baseConfigurationReference = 22C167C4E69A7682A2A834A1 /* Pods-SampleAppUITests.release.xcconfig */;
			buildSettings = {
				ALWAYS_EMBED_SWIFT_STANDARD_LIBRARIES = YES;
				CODE_SIGN_STYLE = Automatic;
				INFOPLIST_FILE = SampleAppUITests/Info.plist;
				LD_RUNPATH_SEARCH_PATHS = "$(inherited) @executable_path/Frameworks @loader_path/Frameworks";
				PRODUCT_BUNDLE_IDENTIFIER = "com.-.SampleAppUITests";
				PRODUCT_NAME = "$(TARGET_NAME)";
				SWIFT_VERSION = 4.0;
				TARGETED_DEVICE_FAMILY = "1,2";
				TEST_TARGET_NAME = SampleApp;
			};
			name = Release;
		};
/* End XCBuildConfiguration section */

/* Begin XCConfigurationList section */
		84ECD4F8204BFE4000904F0D /* Build configuration list for PBXProject "SampleApp" */ = {
			isa = XCConfigurationList;
			buildConfigurations = (
				84ECD523204BFE4100904F0D /* Debug */,
				84ECD524204BFE4100904F0D /* Release */,
			);
			defaultConfigurationIsVisible = 0;
			defaultConfigurationName = Release;
		};
		84ECD525204BFE4100904F0D /* Build configuration list for PBXNativeTarget "SampleApp" */ = {
			isa = XCConfigurationList;
			buildConfigurations = (
				84ECD526204BFE4100904F0D /* Debug */,
				84ECD527204BFE4100904F0D /* Release */,
			);
			defaultConfigurationIsVisible = 0;
			defaultConfigurationName = Release;
		};
		84ECD528204BFE4100904F0D /* Build configuration list for PBXNativeTarget "SampleAppTests" */ = {
			isa = XCConfigurationList;
			buildConfigurations = (
				84ECD529204BFE4100904F0D /* Debug */,
				84ECD52A204BFE4100904F0D /* Release */,
			);
			defaultConfigurationIsVisible = 0;
			defaultConfigurationName = Release;
		};
		84ECD52B204BFE4100904F0D /* Build configuration list for PBXNativeTarget "SampleAppUITests" */ = {
			isa = XCConfigurationList;
			buildConfigurations = (
				84ECD52C204BFE4100904F0D /* Debug */,
				84ECD52D204BFE4100904F0D /* Release */,
			);
			defaultConfigurationIsVisible = 0;
			defaultConfigurationName = Release;
		};
/* End XCConfigurationList section */
	};
	rootObject = 84ECD4F5204BFE4000904F0D /* Project object */;
}
